// !$*UTF8*$!
{
	archiveVersion = 1;
	classes = {
	};
	objectVersion = 50;
	objects = {

/* Begin PBXBuildFile section */
		DE16E6C2260F8780000156FB /* AppDelegate.swift in Sources */ = {isa = PBXBuildFile; fileRef = DE16E6C1260F8780000156FB /* AppDelegate.swift */; };
		DE16E6C4260F8780000156FB /* SceneDelegate.swift in Sources */ = {isa = PBXBuildFile; fileRef = DE16E6C3260F8780000156FB /* SceneDelegate.swift */; };
		DE16E6C6260F8780000156FB /* ViewController.swift in Sources */ = {isa = PBXBuildFile; fileRef = DE16E6C5260F8780000156FB /* ViewController.swift */; };
		DE16E6C9260F8780000156FB /* Main.storyboard in Resources */ = {isa = PBXBuildFile; fileRef = DE16E6C7260F8780000156FB /* Main.storyboard */; };
		DE16E6CB260F8782000156FB /* Assets.xcassets in Resources */ = {isa = PBXBuildFile; fileRef = DE16E6CA260F8782000156FB /* Assets.xcassets */; };
		DE16E6CE260F8782000156FB /* LaunchScreen.storyboard in Resources */ = {isa = PBXBuildFile; fileRef = DE16E6CC260F8782000156FB /* LaunchScreen.storyboard */; };
		DE16E6D9260F8782000156FB /* FoodTrackerTests.swift in Sources */ = {isa = PBXBuildFile; fileRef = DE16E6D8260F8782000156FB /* FoodTrackerTests.swift */; };
		DE16E6E4260F8782000156FB /* FoodTrackerUITests.swift in Sources */ = {isa = PBXBuildFile; fileRef = DE16E6E3260F8782000156FB /* FoodTrackerUITests.swift */; };
/* End PBXBuildFile section */

/* Begin PBXContainerItemProxy section */
		DE16E6D5260F8782000156FB /* PBXContainerItemProxy */ = {
			isa = PBXContainerItemProxy;
			containerPortal = DE16E6B6260F877F000156FB /* Project object */;
			proxyType = 1;
			remoteGlobalIDString = DE16E6BD260F8780000156FB;
			remoteInfo = FoodTracker;
		};
		DE16E6E0260F8782000156FB /* PBXContainerItemProxy */ = {
			isa = PBXContainerItemProxy;
			containerPortal = DE16E6B6260F877F000156FB /* Project object */;
			proxyType = 1;
			remoteGlobalIDString = DE16E6BD260F8780000156FB;
			remoteInfo = FoodTracker;
		};
/* End PBXContainerItemProxy section */

/* Begin PBXFileReference section */
		DE16E6BE260F8780000156FB /* FoodTracker.app */ = {isa = PBXFileReference; explicitFileType = wrapper.application; includeInIndex = 0; path = FoodTracker.app; sourceTree = BUILT_PRODUCTS_DIR; };
		DE16E6C1260F8780000156FB /* AppDelegate.swift */ = {isa = PBXFileReference; lastKnownFileType = sourcecode.swift; path = AppDelegate.swift; sourceTree = "<group>"; };
		DE16E6C3260F8780000156FB /* SceneDelegate.swift */ = {isa = PBXFileReference; lastKnownFileType = sourcecode.swift; path = SceneDelegate.swift; sourceTree = "<group>"; };
		DE16E6C5260F8780000156FB /* ViewController.swift */ = {isa = PBXFileReference; lastKnownFileType = sourcecode.swift; path = ViewController.swift; sourceTree = "<group>"; };
		DE16E6C8260F8780000156FB /* Base */ = {isa = PBXFileReference; lastKnownFileType = file.storyboard; name = Base; path = Base.lproj/Main.storyboard; sourceTree = "<group>"; };
		DE16E6CA260F8782000156FB /* Assets.xcassets */ = {isa = PBXFileReference; lastKnownFileType = folder.assetcatalog; path = Assets.xcassets; sourceTree = "<group>"; };
		DE16E6CD260F8782000156FB /* Base */ = {isa = PBXFileReference; lastKnownFileType = file.storyboard; name = Base; path = Base.lproj/LaunchScreen.storyboard; sourceTree = "<group>"; };
		DE16E6CF260F8782000156FB /* Info.plist */ = {isa = PBXFileReference; lastKnownFileType = text.plist.xml; path = Info.plist; sourceTree = "<group>"; };
		DE16E6D4260F8782000156FB /* FoodTrackerTests.xctest */ = {isa = PBXFileReference; explicitFileType = wrapper.cfbundle; includeInIndex = 0; path = FoodTrackerTests.xctest; sourceTree = BUILT_PRODUCTS_DIR; };
		DE16E6D8260F8782000156FB /* FoodTrackerTests.swift */ = {isa = PBXFileReference; lastKnownFileType = sourcecode.swift; path = FoodTrackerTests.swift; sourceTree = "<group>"; };
		DE16E6DA260F8782000156FB /* Info.plist */ = {isa = PBXFileReference; lastKnownFileType = text.plist.xml; path = Info.plist; sourceTree = "<group>"; };
		DE16E6DF260F8782000156FB /* FoodTrackerUITests.xctest */ = {isa = PBXFileReference; explicitFileType = wrapper.cfbundle; includeInIndex = 0; path = FoodTrackerUITests.xctest; sourceTree = BUILT_PRODUCTS_DIR; };
		DE16E6E3260F8782000156FB /* FoodTrackerUITests.swift */ = {isa = PBXFileReference; lastKnownFileType = sourcecode.swift; path = FoodTrackerUITests.swift; sourceTree = "<group>"; };
		DE16E6E5260F8782000156FB /* Info.plist */ = {isa = PBXFileReference; lastKnownFileType = text.plist.xml; path = Info.plist; sourceTree = "<group>"; };
/* End PBXFileReference section */

/* Begin PBXFrameworksBuildPhase section */
		DE16E6BB260F8780000156FB /* Frameworks */ = {
			isa = PBXFrameworksBuildPhase;
			buildActionMask = 2147483647;
			files = (
			);
			runOnlyForDeploymentPostprocessing = 0;
		};
		DE16E6D1260F8782000156FB /* Frameworks */ = {
			isa = PBXFrameworksBuildPhase;
			buildActionMask = 2147483647;
			files = (
			);
			runOnlyForDeploymentPostprocessing = 0;
		};
		DE16E6DC260F8782000156FB /* Frameworks */ = {
			isa = PBXFrameworksBuildPhase;
			buildActionMask = 2147483647;
			files = (
			);
			runOnlyForDeploymentPostprocessing = 0;
		};
/* End PBXFrameworksBuildPhase section */

/* Begin PBXGroup section */
		DE16E6B5260F877F000156FB = {
			isa = PBXGroup;
			children = (
				DE16E6C0260F8780000156FB /* FoodTracker */,
				DE16E6D7260F8782000156FB /* FoodTrackerTests */,
				DE16E6E2260F8782000156FB /* FoodTrackerUITests */,
				DE16E6BF260F8780000156FB /* Products */,
			);
			sourceTree = "<group>";
		};
		DE16E6BF260F8780000156FB /* Products */ = {
			isa = PBXGroup;
			children = (
				DE16E6BE260F8780000156FB /* FoodTracker.app */,
				DE16E6D4260F8782000156FB /* FoodTrackerTests.xctest */,
				DE16E6DF260F8782000156FB /* FoodTrackerUITests.xctest */,
			);
			name = Products;
			sourceTree = "<group>";
		};
		DE16E6C0260F8780000156FB /* FoodTracker */ = {
			isa = PBXGroup;
			children = (
				DE16E6C1260F8780000156FB /* AppDelegate.swift */,
				DE16E6C3260F8780000156FB /* SceneDelegate.swift */,
				DE16E6C5260F8780000156FB /* ViewController.swift */,
				DE16E6C7260F8780000156FB /* Main.storyboard */,
				DE16E6CA260F8782000156FB /* Assets.xcassets */,
				DE16E6CC260F8782000156FB /* LaunchScreen.storyboard */,
				DE16E6CF260F8782000156FB /* Info.plist */,
			);
			path = FoodTracker;
			sourceTree = "<group>";
		};
		DE16E6D7260F8782000156FB /* FoodTrackerTests */ = {
			isa = PBXGroup;
			children = (
				DE16E6D8260F8782000156FB /* FoodTrackerTests.swift */,
				DE16E6DA260F8782000156FB /* Info.plist */,
			);
			path = FoodTrackerTests;
			sourceTree = "<group>";
		};
		DE16E6E2260F8782000156FB /* FoodTrackerUITests */ = {
			isa = PBXGroup;
			children = (
				DE16E6E3260F8782000156FB /* FoodTrackerUITests.swift */,
				DE16E6E5260F8782000156FB /* Info.plist */,
			);
			path = FoodTrackerUITests;
			sourceTree = "<group>";
		};
/* End PBXGroup section */

/* Begin PBXNativeTarget section */
		DE16E6BD260F8780000156FB /* FoodTracker */ = {
			isa = PBXNativeTarget;
			buildConfigurationList = DE16E6E8260F8782000156FB /* Build configuration list for PBXNativeTarget "FoodTracker" */;
			buildPhases = (
				DE16E6BA260F8780000156FB /* Sources */,
				DE16E6BB260F8780000156FB /* Frameworks */,
				DE16E6BC260F8780000156FB /* Resources */,
			);
			buildRules = (
			);
			dependencies = (
			);
			name = FoodTracker;
			productName = FoodTracker;
			productReference = DE16E6BE260F8780000156FB /* FoodTracker.app */;
			productType = "com.apple.product-type.application";
		};
		DE16E6D3260F8782000156FB /* FoodTrackerTests */ = {
			isa = PBXNativeTarget;
			buildConfigurationList = DE16E6EB260F8782000156FB /* Build configuration list for PBXNativeTarget "FoodTrackerTests" */;
			buildPhases = (
				DE16E6D0260F8782000156FB /* Sources */,
				DE16E6D1260F8782000156FB /* Frameworks */,
				DE16E6D2260F8782000156FB /* Resources */,
			);
			buildRules = (
			);
			dependencies = (
				DE16E6D6260F8782000156FB /* PBXTargetDependency */,
			);
			name = FoodTrackerTests;
			productName = FoodTrackerTests;
			productReference = DE16E6D4260F8782000156FB /* FoodTrackerTests.xctest */;
			productType = "com.apple.product-type.bundle.unit-test";
		};
		DE16E6DE260F8782000156FB /* FoodTrackerUITests */ = {
			isa = PBXNativeTarget;
			buildConfigurationList = DE16E6EE260F8782000156FB /* Build configuration list for PBXNativeTarget "FoodTrackerUITests" */;
			buildPhases = (
				DE16E6DB260F8782000156FB /* Sources */,
				DE16E6DC260F8782000156FB /* Frameworks */,
				DE16E6DD260F8782000156FB /* Resources */,
			);
			buildRules = (
			);
			dependencies = (
				DE16E6E1260F8782000156FB /* PBXTargetDependency */,
			);
			name = FoodTrackerUITests;
			productName = FoodTrackerUITests;
			productReference = DE16E6DF260F8782000156FB /* FoodTrackerUITests.xctest */;
			productType = "com.apple.product-type.bundle.ui-testing";
		};
/* End PBXNativeTarget section */

/* Begin PBXProject section */
		DE16E6B6260F877F000156FB /* Project object */ = {
			isa = PBXProject;
			attributes = {
				LastSwiftUpdateCheck = 1240;
				LastUpgradeCheck = 1240;
				TargetAttributes = {
					DE16E6BD260F8780000156FB = {
						CreatedOnToolsVersion = 12.4;
					};
					DE16E6D3260F8782000156FB = {
						CreatedOnToolsVersion = 12.4;
						TestTargetID = DE16E6BD260F8780000156FB;
					};
					DE16E6DE260F8782000156FB = {
						CreatedOnToolsVersion = 12.4;
						TestTargetID = DE16E6BD260F8780000156FB;
					};
				};
			};
			buildConfigurationList = DE16E6B9260F877F000156FB /* Build configuration list for PBXProject "FoodTracker" */;
			compatibilityVersion = "Xcode 9.3";
			developmentRegion = en;
			hasScannedForEncodings = 0;
			knownRegions = (
				en,
				Base,
			);
			mainGroup = DE16E6B5260F877F000156FB;
			productRefGroup = DE16E6BF260F8780000156FB /* Products */;
			projectDirPath = "";
			projectRoot = "";
			targets = (
				DE16E6BD260F8780000156FB /* FoodTracker */,
				DE16E6D3260F8782000156FB /* FoodTrackerTests */,
				DE16E6DE260F8782000156FB /* FoodTrackerUITests */,
			);
		};
/* End PBXProject section */

/* Begin PBXResourcesBuildPhase section */
		DE16E6BC260F8780000156FB /* Resources */ = {
			isa = PBXResourcesBuildPhase;
			buildActionMask = 2147483647;
			files = (
				DE16E6CE260F8782000156FB /* LaunchScreen.storyboard in Resources */,
				DE16E6CB260F8782000156FB /* Assets.xcassets in Resources */,
				DE16E6C9260F8780000156FB /* Main.storyboard in Resources */,
			);
			runOnlyForDeploymentPostprocessing = 0;
		};
		DE16E6D2260F8782000156FB /* Resources */ = {
			isa = PBXResourcesBuildPhase;
			buildActionMask = 2147483647;
			files = (
			);
			runOnlyForDeploymentPostprocessing = 0;
		};
		DE16E6DD260F8782000156FB /* Resources */ = {
			isa = PBXResourcesBuildPhase;
			buildActionMask = 2147483647;
			files = (
			);
			runOnlyForDeploymentPostprocessing = 0;
		};
/* End PBXResourcesBuildPhase section */

/* Begin PBXSourcesBuildPhase section */
		DE16E6BA260F8780000156FB /* Sources */ = {
			isa = PBXSourcesBuildPhase;
			buildActionMask = 2147483647;
			files = (
				DE16E6C6260F8780000156FB /* ViewController.swift in Sources */,
				DE16E6C2260F8780000156FB /* AppDelegate.swift in Sources */,
				DE16E6C4260F8780000156FB /* SceneDelegate.swift in Sources */,
			);
			runOnlyForDeploymentPostprocessing = 0;
		};
		DE16E6D0260F8782000156FB /* Sources */ = {
			isa = PBXSourcesBuildPhase;
			buildActionMask = 2147483647;
			files = (
				DE16E6D9260F8782000156FB /* FoodTrackerTests.swift in Sources */,
			);
			runOnlyForDeploymentPostprocessing = 0;
		};
		DE16E6DB260F8782000156FB /* Sources */ = {
			isa = PBXSourcesBuildPhase;
			buildActionMask = 2147483647;
			files = (
				DE16E6E4260F8782000156FB /* FoodTrackerUITests.swift in Sources */,
			);
			runOnlyForDeploymentPostprocessing = 0;
		};
/* End PBXSourcesBuildPhase section */

/* Begin PBXTargetDependency section */
		DE16E6D6260F8782000156FB /* PBXTargetDependency */ = {
			isa = PBXTargetDependency;
			target = DE16E6BD260F8780000156FB /* FoodTracker */;
			targetProxy = DE16E6D5260F8782000156FB /* PBXContainerItemProxy */;
		};
		DE16E6E1260F8782000156FB /* PBXTargetDependency */ = {
			isa = PBXTargetDependency;
			target = DE16E6BD260F8780000156FB /* FoodTracker */;
			targetProxy = DE16E6E0260F8782000156FB /* PBXContainerItemProxy */;
		};
/* End PBXTargetDependency section */

/* Begin PBXVariantGroup section */
		DE16E6C7260F8780000156FB /* Main.storyboard */ = {
			isa = PBXVariantGroup;
			children = (
				DE16E6C8260F8780000156FB /* Base */,
			);
			name = Main.storyboard;
			sourceTree = "<group>";
		};
		DE16E6CC260F8782000156FB /* LaunchScreen.storyboard */ = {
			isa = PBXVariantGroup;
			children = (
				DE16E6CD260F8782000156FB /* Base */,
			);
			name = LaunchScreen.storyboard;
			sourceTree = "<group>";
		};
/* End PBXVariantGroup section */

/* Begin XCBuildConfiguration section */
		DE16E6E6260F8782000156FB /* Debug */ = {
			isa = XCBuildConfiguration;
			buildSettings = {
				ALWAYS_SEARCH_USER_PATHS = NO;
				CLANG_ANALYZER_NONNULL = YES;
				CLANG_ANALYZER_NUMBER_OBJECT_CONVERSION = YES_AGGRESSIVE;
				CLANG_CXX_LANGUAGE_STANDARD = "gnu++14";
				CLANG_CXX_LIBRARY = "libc++";
				CLANG_ENABLE_MODULES = YES;
				CLANG_ENABLE_OBJC_ARC = YES;
				CLANG_ENABLE_OBJC_WEAK = YES;
				CLANG_WARN_BLOCK_CAPTURE_AUTORELEASING = YES;
				CLANG_WARN_BOOL_CONVERSION = YES;
				CLANG_WARN_COMMA = YES;
				CLANG_WARN_CONSTANT_CONVERSION = YES;
				CLANG_WARN_DEPRECATED_OBJC_IMPLEMENTATIONS = YES;
				CLANG_WARN_DIRECT_OBJC_ISA_USAGE = YES_ERROR;
				CLANG_WARN_DOCUMENTATION_COMMENTS = YES;
				CLANG_WARN_EMPTY_BODY = YES;
				CLANG_WARN_ENUM_CONVERSION = YES;
				CLANG_WARN_INFINITE_RECURSION = YES;
				CLANG_WARN_INT_CONVERSION = YES;
				CLANG_WARN_NON_LITERAL_NULL_CONVERSION = YES;
				CLANG_WARN_OBJC_IMPLICIT_RETAIN_SELF = YES;
				CLANG_WARN_OBJC_LITERAL_CONVERSION = YES;
				CLANG_WARN_OBJC_ROOT_CLASS = YES_ERROR;
				CLANG_WARN_QUOTED_INCLUDE_IN_FRAMEWORK_HEADER = YES;
				CLANG_WARN_RANGE_LOOP_ANALYSIS = YES;
				CLANG_WARN_STRICT_PROTOTYPES = YES;
				CLANG_WARN_SUSPICIOUS_MOVE = YES;
				CLANG_WARN_UNGUARDED_AVAILABILITY = YES_AGGRESSIVE;
				CLANG_WARN_UNREACHABLE_CODE = YES;
				CLANG_WARN__DUPLICATE_METHOD_MATCH = YES;
				COPY_PHASE_STRIP = NO;
				DEBUG_INFORMATION_FORMAT = dwarf;
				ENABLE_STRICT_OBJC_MSGSEND = YES;
				ENABLE_TESTABILITY = YES;
				GCC_C_LANGUAGE_STANDARD = gnu11;
				GCC_DYNAMIC_NO_PIC = NO;
				GCC_NO_COMMON_BLOCKS = YES;
				GCC_OPTIMIZATION_LEVEL = 0;
				GCC_PREPROCESSOR_DEFINITIONS = (
					"DEBUG=1",
					"$(inherited)",
				);
				GCC_WARN_64_TO_32_BIT_CONVERSION = YES;
				GCC_WARN_ABOUT_RETURN_TYPE = YES_ERROR;
				GCC_WARN_UNDECLARED_SELECTOR = YES;
				GCC_WARN_UNINITIALIZED_AUTOS = YES_AGGRESSIVE;
				GCC_WARN_UNUSED_FUNCTION = YES;
				GCC_WARN_UNUSED_VARIABLE = YES;
				IPHONEOS_DEPLOYMENT_TARGET = 14.4;
				MTL_ENABLE_DEBUG_INFO = INCLUDE_SOURCE;
				MTL_FAST_MATH = YES;
				ONLY_ACTIVE_ARCH = YES;
				SDKROOT = iphoneos;
				SWIFT_ACTIVE_COMPILATION_CONDITIONS = DEBUG;
				SWIFT_OPTIMIZATION_LEVEL = "-Onone";
			};
			name = Debug;
		};
		DE16E6E7260F8782000156FB /* Release */ = {
			isa = XCBuildConfiguration;
			buildSettings = {
				ALWAYS_SEARCH_USER_PATHS = NO;
				CLANG_ANALYZER_NONNULL = YES;
				CLANG_ANALYZER_NUMBER_OBJECT_CONVERSION = YES_AGGRESSIVE;
				CLANG_CXX_LANGUAGE_STANDARD = "gnu++14";
				CLANG_CXX_LIBRARY = "libc++";
				CLANG_ENABLE_MODULES = YES;
				CLANG_ENABLE_OBJC_ARC = YES;
				CLANG_ENABLE_OBJC_WEAK = YES;
				CLANG_WARN_BLOCK_CAPTURE_AUTORELEASING = YES;
				CLANG_WARN_BOOL_CONVERSION = YES;
				CLANG_WARN_COMMA = YES;
				CLANG_WARN_CONSTANT_CONVERSION = YES;
				CLANG_WARN_DEPRECATED_OBJC_IMPLEMENTATIONS = YES;
				CLANG_WARN_DIRECT_OBJC_ISA_USAGE = YES_ERROR;
				CLANG_WARN_DOCUMENTATION_COMMENTS = YES;
				CLANG_WARN_EMPTY_BODY = YES;
				CLANG_WARN_ENUM_CONVERSION = YES;
				CLANG_WARN_INFINITE_RECURSION = YES;
				CLANG_WARN_INT_CONVERSION = YES;
				CLANG_WARN_NON_LITERAL_NULL_CONVERSION = YES;
				CLANG_WARN_OBJC_IMPLICIT_RETAIN_SELF = YES;
				CLANG_WARN_OBJC_LITERAL_CONVERSION = YES;
				CLANG_WARN_OBJC_ROOT_CLASS = YES_ERROR;
				CLANG_WARN_QUOTED_INCLUDE_IN_FRAMEWORK_HEADER = YES;
				CLANG_WARN_RANGE_LOOP_ANALYSIS = YES;
				CLANG_WARN_STRICT_PROTOTYPES = YES;
				CLANG_WARN_SUSPICIOUS_MOVE = YES;
				CLANG_WARN_UNGUARDED_AVAILABILITY = YES_AGGRESSIVE;
				CLANG_WARN_UNREACHABLE_CODE = YES;
				CLANG_WARN__DUPLICATE_METHOD_MATCH = YES;
				COPY_PHASE_STRIP = NO;
				DEBUG_INFORMATION_FORMAT = "dwarf-with-dsym";
				ENABLE_NS_ASSERTIONS = NO;
				ENABLE_STRICT_OBJC_MSGSEND = YES;
				GCC_C_LANGUAGE_STANDARD = gnu11;
				GCC_NO_COMMON_BLOCKS = YES;
				GCC_WARN_64_TO_32_BIT_CONVERSION = YES;
				GCC_WARN_ABOUT_RETURN_TYPE = YES_ERROR;
				GCC_WARN_UNDECLARED_SELECTOR = YES;
				GCC_WARN_UNINITIALIZED_AUTOS = YES_AGGRESSIVE;
				GCC_WARN_UNUSED_FUNCTION = YES;
				GCC_WARN_UNUSED_VARIABLE = YES;
				IPHONEOS_DEPLOYMENT_TARGET = 14.4;
				MTL_ENABLE_DEBUG_INFO = NO;
				MTL_FAST_MATH = YES;
				SDKROOT = iphoneos;
				SWIFT_COMPILATION_MODE = wholemodule;
				SWIFT_OPTIMIZATION_LEVEL = "-O";
				VALIDATE_PRODUCT = YES;
			};
			name = Release;
		};
		DE16E6E9260F8782000156FB /* Debug */ = {
			isa = XCBuildConfiguration;
			buildSettings = {
				ASSETCATALOG_COMPILER_APPICON_NAME = AppIcon;
				ASSETCATALOG_COMPILER_GLOBAL_ACCENT_COLOR_NAME = AccentColor;
				CODE_SIGN_STYLE = Automatic;
				DEVELOPMENT_TEAM = 7GVY575Z3M;
				INFOPLIST_FILE = FoodTracker/Info.plist;
				LD_RUNPATH_SEARCH_PATHS = (
					"$(inherited)",
					"@executable_path/Frameworks",
				);
				PRODUCT_BUNDLE_IDENTIFIER = team.odds.FoodTracker;
				PRODUCT_NAME = "$(TARGET_NAME)";
				SWIFT_VERSION = 5.0;
				TARGETED_DEVICE_FAMILY = "1,2";
			};
			name = Debug;
		};
		DE16E6EA260F8782000156FB /* Release */ = {
			isa = XCBuildConfiguration;
			buildSettings = {
				ASSETCATALOG_COMPILER_APPICON_NAME = AppIcon;
				ASSETCATALOG_COMPILER_GLOBAL_ACCENT_COLOR_NAME = AccentColor;
				CODE_SIGN_STYLE = Automatic;
				DEVELOPMENT_TEAM = 7GVY575Z3M;
				INFOPLIST_FILE = FoodTracker/Info.plist;
				LD_RUNPATH_SEARCH_PATHS = (
					"$(inherited)",
					"@executable_path/Frameworks",
				);
				PRODUCT_BUNDLE_IDENTIFIER = team.odds.FoodTracker;
				PRODUCT_NAME = "$(TARGET_NAME)";
				SWIFT_VERSION = 5.0;
				TARGETED_DEVICE_FAMILY = "1,2";
			};
			name = Release;
		};
		DE16E6EC260F8782000156FB /* Debug */ = {
			isa = XCBuildConfiguration;
			buildSettings = {
				ALWAYS_EMBED_SWIFT_STANDARD_LIBRARIES = YES;
				BUNDLE_LOADER = "$(TEST_HOST)";
				CODE_SIGN_STYLE = Automatic;
				DEVELOPMENT_TEAM = 7GVY575Z3M;
				INFOPLIST_FILE = FoodTrackerTests/Info.plist;
				IPHONEOS_DEPLOYMENT_TARGET = 14.4;
				LD_RUNPATH_SEARCH_PATHS = (
					"$(inherited)",
					"@executable_path/Frameworks",
					"@loader_path/Frameworks",
				);
				PRODUCT_BUNDLE_IDENTIFIER = team.odds.FoodTrackerTests;
				PRODUCT_NAME = "$(TARGET_NAME)";
				SWIFT_VERSION = 5.0;
				TARGETED_DEVICE_FAMILY = "1,2";
				TEST_HOST = "$(BUILT_PRODUCTS_DIR)/FoodTracker.app/FoodTracker";
			};
			name = Debug;
		};
		DE16E6ED260F8782000156FB /* Release */ = {
			isa = XCBuildConfiguration;
			buildSettings = {
				ALWAYS_EMBED_SWIFT_STANDARD_LIBRARIES = YES;
				BUNDLE_LOADER = "$(TEST_HOST)";
				CODE_SIGN_STYLE = Automatic;
				DEVELOPMENT_TEAM = 7GVY575Z3M;
				INFOPLIST_FILE = FoodTrackerTests/Info.plist;
				IPHONEOS_DEPLOYMENT_TARGET = 14.4;
				LD_RUNPATH_SEARCH_PATHS = (
					"$(inherited)",
					"@executable_path/Frameworks",
					"@loader_path/Frameworks",
				);
				PRODUCT_BUNDLE_IDENTIFIER = team.odds.FoodTrackerTests;
				PRODUCT_NAME = "$(TARGET_NAME)";
				SWIFT_VERSION = 5.0;
				TARGETED_DEVICE_FAMILY = "1,2";
				TEST_HOST = "$(BUILT_PRODUCTS_DIR)/FoodTracker.app/FoodTracker";
			};
			name = Release;
		};
		DE16E6EF260F8782000156FB /* Debug */ = {
			isa = XCBuildConfiguration;
			buildSettings = {
				ALWAYS_EMBED_SWIFT_STANDARD_LIBRARIES = YES;
				CODE_SIGN_STYLE = Automatic;
				DEVELOPMENT_TEAM = 7GVY575Z3M;
				INFOPLIST_FILE = FoodTrackerUITests/Info.plist;
				LD_RUNPATH_SEARCH_PATHS = (
					"$(inherited)",
					"@executable_path/Frameworks",
					"@loader_path/Frameworks",
				);
				PRODUCT_BUNDLE_IDENTIFIER = team.odds.FoodTrackerUITests;
				PRODUCT_NAME = "$(TARGET_NAME)";
				SWIFT_VERSION = 5.0;
				TARGETED_DEVICE_FAMILY = "1,2";
				TEST_TARGET_NAME = FoodTracker;
			};
			name = Debug;
		};
		DE16E6F0260F8782000156FB /* Release */ = {
			isa = XCBuildConfiguration;
			buildSettings = {
				ALWAYS_EMBED_SWIFT_STANDARD_LIBRARIES = YES;
				CODE_SIGN_STYLE = Automatic;
				DEVELOPMENT_TEAM = 7GVY575Z3M;
				INFOPLIST_FILE = FoodTrackerUITests/Info.plist;
				LD_RUNPATH_SEARCH_PATHS = (
					"$(inherited)",
					"@executable_path/Frameworks",
					"@loader_path/Frameworks",
				);
				PRODUCT_BUNDLE_IDENTIFIER = team.odds.FoodTrackerUITests;
				PRODUCT_NAME = "$(TARGET_NAME)";
				SWIFT_VERSION = 5.0;
				TARGETED_DEVICE_FAMILY = "1,2";
				TEST_TARGET_NAME = FoodTracker;
			};
			name = Release;
		};
/* End XCBuildConfiguration section */

/* Begin XCConfigurationList section */
		DE16E6B9260F877F000156FB /* Build configuration list for PBXProject "FoodTracker" */ = {
			isa = XCConfigurationList;
			buildConfigurations = (
				DE16E6E6260F8782000156FB /* Debug */,
				DE16E6E7260F8782000156FB /* Release */,
			);
			defaultConfigurationIsVisible = 0;
			defaultConfigurationName = Release;
		};
		DE16E6E8260F8782000156FB /* Build configuration list for PBXNativeTarget "FoodTracker" */ = {
			isa = XCConfigurationList;
			buildConfigurations = (
				DE16E6E9260F8782000156FB /* Debug */,
				DE16E6EA260F8782000156FB /* Release */,
			);
			defaultConfigurationIsVisible = 0;
			defaultConfigurationName = Release;
		};
		DE16E6EB260F8782000156FB /* Build configuration list for PBXNativeTarget "FoodTrackerTests" */ = {
			isa = XCConfigurationList;
			buildConfigurations = (
				DE16E6EC260F8782000156FB /* Debug */,
				DE16E6ED260F8782000156FB /* Release */,
			);
			defaultConfigurationIsVisible = 0;
			defaultConfigurationName = Release;
		};
		DE16E6EE260F8782000156FB /* Build configuration list for PBXNativeTarget "FoodTrackerUITests" */ = {
			isa = XCConfigurationList;
			buildConfigurations = (
				DE16E6EF260F8782000156FB /* Debug */,
				DE16E6F0260F8782000156FB /* Release */,
			);
			defaultConfigurationIsVisible = 0;
			defaultConfigurationName = Release;
		};
/* End XCConfigurationList section */
	};
	rootObject = DE16E6B6260F877F000156FB /* Project object */;
}
