// !$*UTF8*$!
{
	archiveVersion = 1;
	classes = {
	};
	objectVersion = 50;
	objects = {

/* Begin PBXBuildFile section */
		DEA58F2B2464F7370011DBC9 /* AppDelegate.swift in Sources */ = {isa = PBXBuildFile; fileRef = DEA58F2A2464F7370011DBC9 /* AppDelegate.swift */; };
		DEA58F2D2464F7370011DBC9 /* SceneDelegate.swift in Sources */ = {isa = PBXBuildFile; fileRef = DEA58F2C2464F7370011DBC9 /* SceneDelegate.swift */; };
		DEA58F2F2464F7370011DBC9 /* ViewController.swift in Sources */ = {isa = PBXBuildFile; fileRef = DEA58F2E2464F7370011DBC9 /* ViewController.swift */; };
		DEA58F322464F7370011DBC9 /* Main.storyboard in Resources */ = {isa = PBXBuildFile; fileRef = DEA58F302464F7370011DBC9 /* Main.storyboard */; };
		DEA58F342464F73B0011DBC9 /* Assets.xcassets in Resources */ = {isa = PBXBuildFile; fileRef = DEA58F332464F73B0011DBC9 /* Assets.xcassets */; };
		DEA58F372464F73B0011DBC9 /* LaunchScreen.storyboard in Resources */ = {isa = PBXBuildFile; fileRef = DEA58F352464F73B0011DBC9 /* LaunchScreen.storyboard */; };
		DEA58F422464F73B0011DBC9 /* I_Am_RichTests.swift in Sources */ = {isa = PBXBuildFile; fileRef = DEA58F412464F73B0011DBC9 /* I_Am_RichTests.swift */; };
		DEA58F4D2464F73B0011DBC9 /* I_Am_RichUITests.swift in Sources */ = {isa = PBXBuildFile; fileRef = DEA58F4C2464F73B0011DBC9 /* I_Am_RichUITests.swift */; };
/* End PBXBuildFile section */

/* Begin PBXContainerItemProxy section */
		DEA58F3E2464F73B0011DBC9 /* PBXContainerItemProxy */ = {
			isa = PBXContainerItemProxy;
			containerPortal = DEA58F1F2464F7370011DBC9 /* Project object */;
			proxyType = 1;
			remoteGlobalIDString = DEA58F262464F7370011DBC9;
			remoteInfo = "I Am Rich";
		};
		DEA58F492464F73B0011DBC9 /* PBXContainerItemProxy */ = {
			isa = PBXContainerItemProxy;
			containerPortal = DEA58F1F2464F7370011DBC9 /* Project object */;
			proxyType = 1;
			remoteGlobalIDString = DEA58F262464F7370011DBC9;
			remoteInfo = "I Am Rich";
		};
/* End PBXContainerItemProxy section */

/* Begin PBXFileReference section */
		DEA58F272464F7370011DBC9 /* I Am Rich.app */ = {isa = PBXFileReference; explicitFileType = wrapper.application; includeInIndex = 0; path = "I Am Rich.app"; sourceTree = BUILT_PRODUCTS_DIR; };
		DEA58F2A2464F7370011DBC9 /* AppDelegate.swift */ = {isa = PBXFileReference; lastKnownFileType = sourcecode.swift; path = AppDelegate.swift; sourceTree = "<group>"; };
		DEA58F2C2464F7370011DBC9 /* SceneDelegate.swift */ = {isa = PBXFileReference; lastKnownFileType = sourcecode.swift; path = SceneDelegate.swift; sourceTree = "<group>"; };
		DEA58F2E2464F7370011DBC9 /* ViewController.swift */ = {isa = PBXFileReference; lastKnownFileType = sourcecode.swift; path = ViewController.swift; sourceTree = "<group>"; };
		DEA58F312464F7370011DBC9 /* Base */ = {isa = PBXFileReference; lastKnownFileType = file.storyboard; name = Base; path = Base.lproj/Main.storyboard; sourceTree = "<group>"; };
		DEA58F332464F73B0011DBC9 /* Assets.xcassets */ = {isa = PBXFileReference; lastKnownFileType = folder.assetcatalog; path = Assets.xcassets; sourceTree = "<group>"; };
		DEA58F362464F73B0011DBC9 /* Base */ = {isa = PBXFileReference; lastKnownFileType = file.storyboard; name = Base; path = Base.lproj/LaunchScreen.storyboard; sourceTree = "<group>"; };
		DEA58F382464F73B0011DBC9 /* Info.plist */ = {isa = PBXFileReference; lastKnownFileType = text.plist.xml; path = Info.plist; sourceTree = "<group>"; };
		DEA58F3D2464F73B0011DBC9 /* I Am RichTests.xctest */ = {isa = PBXFileReference; explicitFileType = wrapper.cfbundle; includeInIndex = 0; path = "I Am RichTests.xctest"; sourceTree = BUILT_PRODUCTS_DIR; };
		DEA58F412464F73B0011DBC9 /* I_Am_RichTests.swift */ = {isa = PBXFileReference; lastKnownFileType = sourcecode.swift; path = I_Am_RichTests.swift; sourceTree = "<group>"; };
		DEA58F432464F73B0011DBC9 /* Info.plist */ = {isa = PBXFileReference; lastKnownFileType = text.plist.xml; path = Info.plist; sourceTree = "<group>"; };
		DEA58F482464F73B0011DBC9 /* I Am RichUITests.xctest */ = {isa = PBXFileReference; explicitFileType = wrapper.cfbundle; includeInIndex = 0; path = "I Am RichUITests.xctest"; sourceTree = BUILT_PRODUCTS_DIR; };
		DEA58F4C2464F73B0011DBC9 /* I_Am_RichUITests.swift */ = {isa = PBXFileReference; lastKnownFileType = sourcecode.swift; path = I_Am_RichUITests.swift; sourceTree = "<group>"; };
		DEA58F4E2464F73B0011DBC9 /* Info.plist */ = {isa = PBXFileReference; lastKnownFileType = text.plist.xml; path = Info.plist; sourceTree = "<group>"; };
/* End PBXFileReference section */

/* Begin PBXFrameworksBuildPhase section */
		DEA58F242464F7370011DBC9 /* Frameworks */ = {
			isa = PBXFrameworksBuildPhase;
			buildActionMask = 2147483647;
			files = (
			);
			runOnlyForDeploymentPostprocessing = 0;
		};
		DEA58F3A2464F73B0011DBC9 /* Frameworks */ = {
			isa = PBXFrameworksBuildPhase;
			buildActionMask = 2147483647;
			files = (
			);
			runOnlyForDeploymentPostprocessing = 0;
		};
		DEA58F452464F73B0011DBC9 /* Frameworks */ = {
			isa = PBXFrameworksBuildPhase;
			buildActionMask = 2147483647;
			files = (
			);
			runOnlyForDeploymentPostprocessing = 0;
		};
/* End PBXFrameworksBuildPhase section */

/* Begin PBXGroup section */
		DEA58F1E2464F7370011DBC9 = {
			isa = PBXGroup;
			children = (
				DEA58F292464F7370011DBC9 /* I Am Rich */,
				DEA58F402464F73B0011DBC9 /* I Am RichTests */,
				DEA58F4B2464F73B0011DBC9 /* I Am RichUITests */,
				DEA58F282464F7370011DBC9 /* Products */,
			);
			sourceTree = "<group>";
		};
		DEA58F282464F7370011DBC9 /* Products */ = {
			isa = PBXGroup;
			children = (
				DEA58F272464F7370011DBC9 /* I Am Rich.app */,
				DEA58F3D2464F73B0011DBC9 /* I Am RichTests.xctest */,
				DEA58F482464F73B0011DBC9 /* I Am RichUITests.xctest */,
			);
			name = Products;
			sourceTree = "<group>";
		};
		DEA58F292464F7370011DBC9 /* I Am Rich */ = {
			isa = PBXGroup;
			children = (
				DEA58F2A2464F7370011DBC9 /* AppDelegate.swift */,
				DEA58F2C2464F7370011DBC9 /* SceneDelegate.swift */,
				DEA58F2E2464F7370011DBC9 /* ViewController.swift */,
				DEA58F302464F7370011DBC9 /* Main.storyboard */,
				DEA58F332464F73B0011DBC9 /* Assets.xcassets */,
				DEA58F352464F73B0011DBC9 /* LaunchScreen.storyboard */,
				DEA58F382464F73B0011DBC9 /* Info.plist */,
			);
			path = "I Am Rich";
			sourceTree = "<group>";
		};
		DEA58F402464F73B0011DBC9 /* I Am RichTests */ = {
			isa = PBXGroup;
			children = (
				DEA58F412464F73B0011DBC9 /* I_Am_RichTests.swift */,
				DEA58F432464F73B0011DBC9 /* Info.plist */,
			);
			path = "I Am RichTests";
			sourceTree = "<group>";
		};
		DEA58F4B2464F73B0011DBC9 /* I Am RichUITests */ = {
			isa = PBXGroup;
			children = (
				DEA58F4C2464F73B0011DBC9 /* I_Am_RichUITests.swift */,
				DEA58F4E2464F73B0011DBC9 /* Info.plist */,
			);
			path = "I Am RichUITests";
			sourceTree = "<group>";
		};
/* End PBXGroup section */

/* Begin PBXNativeTarget section */
		DEA58F262464F7370011DBC9 /* I Am Rich */ = {
			isa = PBXNativeTarget;
			buildConfigurationList = DEA58F512464F73B0011DBC9 /* Build configuration list for PBXNativeTarget "I Am Rich" */;
			buildPhases = (
				DEA58F232464F7370011DBC9 /* Sources */,
				DEA58F242464F7370011DBC9 /* Frameworks */,
				DEA58F252464F7370011DBC9 /* Resources */,
			);
			buildRules = (
			);
			dependencies = (
			);
			name = "I Am Rich";
			productName = "I Am Rich";
			productReference = DEA58F272464F7370011DBC9 /* I Am Rich.app */;
			productType = "com.apple.product-type.application";
		};
		DEA58F3C2464F73B0011DBC9 /* I Am RichTests */ = {
			isa = PBXNativeTarget;
			buildConfigurationList = DEA58F542464F73B0011DBC9 /* Build configuration list for PBXNativeTarget "I Am RichTests" */;
			buildPhases = (
				DEA58F392464F73B0011DBC9 /* Sources */,
				DEA58F3A2464F73B0011DBC9 /* Frameworks */,
				DEA58F3B2464F73B0011DBC9 /* Resources */,
			);
			buildRules = (
			);
			dependencies = (
				DEA58F3F2464F73B0011DBC9 /* PBXTargetDependency */,
			);
			name = "I Am RichTests";
			productName = "I Am RichTests";
			productReference = DEA58F3D2464F73B0011DBC9 /* I Am RichTests.xctest */;
			productType = "com.apple.product-type.bundle.unit-test";
		};
		DEA58F472464F73B0011DBC9 /* I Am RichUITests */ = {
			isa = PBXNativeTarget;
			buildConfigurationList = DEA58F572464F73B0011DBC9 /* Build configuration list for PBXNativeTarget "I Am RichUITests" */;
			buildPhases = (
				DEA58F442464F73B0011DBC9 /* Sources */,
				DEA58F452464F73B0011DBC9 /* Frameworks */,
				DEA58F462464F73B0011DBC9 /* Resources */,
			);
			buildRules = (
			);
			dependencies = (
				DEA58F4A2464F73B0011DBC9 /* PBXTargetDependency */,
			);
			name = "I Am RichUITests";
			productName = "I Am RichUITests";
			productReference = DEA58F482464F73B0011DBC9 /* I Am RichUITests.xctest */;
			productType = "com.apple.product-type.bundle.ui-testing";
		};
/* End PBXNativeTarget section */

/* Begin PBXProject section */
		DEA58F1F2464F7370011DBC9 /* Project object */ = {
			isa = PBXProject;
			attributes = {
				LastSwiftUpdateCheck = 1140;
				LastUpgradeCheck = 1140;
				ORGANIZATIONNAME = BearData.io;
				TargetAttributes = {
					DEA58F262464F7370011DBC9 = {
						CreatedOnToolsVersion = 11.4.1;
					};
					DEA58F3C2464F73B0011DBC9 = {
						CreatedOnToolsVersion = 11.4.1;
						TestTargetID = DEA58F262464F7370011DBC9;
					};
					DEA58F472464F73B0011DBC9 = {
						CreatedOnToolsVersion = 11.4.1;
						TestTargetID = DEA58F262464F7370011DBC9;
					};
				};
			};
			buildConfigurationList = DEA58F222464F7370011DBC9 /* Build configuration list for PBXProject "I Am Rich" */;
			compatibilityVersion = "Xcode 9.3";
			developmentRegion = en;
			hasScannedForEncodings = 0;
			knownRegions = (
				en,
				Base,
			);
			mainGroup = DEA58F1E2464F7370011DBC9;
			productRefGroup = DEA58F282464F7370011DBC9 /* Products */;
			projectDirPath = "";
			projectRoot = "";
			targets = (
				DEA58F262464F7370011DBC9 /* I Am Rich */,
				DEA58F3C2464F73B0011DBC9 /* I Am RichTests */,
				DEA58F472464F73B0011DBC9 /* I Am RichUITests */,
			);
		};
/* End PBXProject section */

/* Begin PBXResourcesBuildPhase section */
		DEA58F252464F7370011DBC9 /* Resources */ = {
			isa = PBXResourcesBuildPhase;
			buildActionMask = 2147483647;
			files = (
				DEA58F372464F73B0011DBC9 /* LaunchScreen.storyboard in Resources */,
				DEA58F342464F73B0011DBC9 /* Assets.xcassets in Resources */,
				DEA58F322464F7370011DBC9 /* Main.storyboard in Resources */,
			);
			runOnlyForDeploymentPostprocessing = 0;
		};
		DEA58F3B2464F73B0011DBC9 /* Resources */ = {
			isa = PBXResourcesBuildPhase;
			buildActionMask = 2147483647;
			files = (
			);
			runOnlyForDeploymentPostprocessing = 0;
		};
		DEA58F462464F73B0011DBC9 /* Resources */ = {
			isa = PBXResourcesBuildPhase;
			buildActionMask = 2147483647;
			files = (
			);
			runOnlyForDeploymentPostprocessing = 0;
		};
/* End PBXResourcesBuildPhase section */

/* Begin PBXSourcesBuildPhase section */
		DEA58F232464F7370011DBC9 /* Sources */ = {
			isa = PBXSourcesBuildPhase;
			buildActionMask = 2147483647;
			files = (
				DEA58F2F2464F7370011DBC9 /* ViewController.swift in Sources */,
				DEA58F2B2464F7370011DBC9 /* AppDelegate.swift in Sources */,
				DEA58F2D2464F7370011DBC9 /* SceneDelegate.swift in Sources */,
			);
			runOnlyForDeploymentPostprocessing = 0;
		};
		DEA58F392464F73B0011DBC9 /* Sources */ = {
			isa = PBXSourcesBuildPhase;
			buildActionMask = 2147483647;
			files = (
				DEA58F422464F73B0011DBC9 /* I_Am_RichTests.swift in Sources */,
			);
			runOnlyForDeploymentPostprocessing = 0;
		};
		DEA58F442464F73B0011DBC9 /* Sources */ = {
			isa = PBXSourcesBuildPhase;
			buildActionMask = 2147483647;
			files = (
				DEA58F4D2464F73B0011DBC9 /* I_Am_RichUITests.swift in Sources */,
			);
			runOnlyForDeploymentPostprocessing = 0;
		};
/* End PBXSourcesBuildPhase section */

/* Begin PBXTargetDependency section */
		DEA58F3F2464F73B0011DBC9 /* PBXTargetDependency */ = {
			isa = PBXTargetDependency;
			target = DEA58F262464F7370011DBC9 /* I Am Rich */;
			targetProxy = DEA58F3E2464F73B0011DBC9 /* PBXContainerItemProxy */;
		};
		DEA58F4A2464F73B0011DBC9 /* PBXTargetDependency */ = {
			isa = PBXTargetDependency;
			target = DEA58F262464F7370011DBC9 /* I Am Rich */;
			targetProxy = DEA58F492464F73B0011DBC9 /* PBXContainerItemProxy */;
		};
/* End PBXTargetDependency section */

/* Begin PBXVariantGroup section */
		DEA58F302464F7370011DBC9 /* Main.storyboard */ = {
			isa = PBXVariantGroup;
			children = (
				DEA58F312464F7370011DBC9 /* Base */,
			);
			name = Main.storyboard;
			sourceTree = "<group>";
		};
		DEA58F352464F73B0011DBC9 /* LaunchScreen.storyboard */ = {
			isa = PBXVariantGroup;
			children = (
				DEA58F362464F73B0011DBC9 /* Base */,
			);
			name = LaunchScreen.storyboard;
			sourceTree = "<group>";
		};
/* End PBXVariantGroup section */

/* Begin XCBuildConfiguration section */
		DEA58F4F2464F73B0011DBC9 /* Debug */ = {
			isa = XCBuildConfiguration;
			buildSettings = {
				ALWAYS_SEARCH_USER_PATHS = NO;
				CLANG_ANALYZER_NONNULL = YES;
				CLANG_ANALYZER_NUMBER_OBJECT_CONVERSION = YES_AGGRESSIVE;
				CLANG_CXX_LANGUAGE_STANDARD = "gnu++14";
				CLANG_CXX_LIBRARY = "libc++";
				CLANG_ENABLE_MODULES = YES;
				CLANG_ENABLE_OBJC_ARC = YES;
				CLANG_ENABLE_OBJC_WEAK = YES;
				CLANG_WARN_BLOCK_CAPTURE_AUTORELEASING = YES;
				CLANG_WARN_BOOL_CONVERSION = YES;
				CLANG_WARN_COMMA = YES;
				CLANG_WARN_CONSTANT_CONVERSION = YES;
				CLANG_WARN_DEPRECATED_OBJC_IMPLEMENTATIONS = YES;
				CLANG_WARN_DIRECT_OBJC_ISA_USAGE = YES_ERROR;
				CLANG_WARN_DOCUMENTATION_COMMENTS = YES;
				CLANG_WARN_EMPTY_BODY = YES;
				CLANG_WARN_ENUM_CONVERSION = YES;
				CLANG_WARN_INFINITE_RECURSION = YES;
				CLANG_WARN_INT_CONVERSION = YES;
				CLANG_WARN_NON_LITERAL_NULL_CONVERSION = YES;
				CLANG_WARN_OBJC_IMPLICIT_RETAIN_SELF = YES;
				CLANG_WARN_OBJC_LITERAL_CONVERSION = YES;
				CLANG_WARN_OBJC_ROOT_CLASS = YES_ERROR;
				CLANG_WARN_RANGE_LOOP_ANALYSIS = YES;
				CLANG_WARN_STRICT_PROTOTYPES = YES;
				CLANG_WARN_SUSPICIOUS_MOVE = YES;
				CLANG_WARN_UNGUARDED_AVAILABILITY = YES_AGGRESSIVE;
				CLANG_WARN_UNREACHABLE_CODE = YES;
				CLANG_WARN__DUPLICATE_METHOD_MATCH = YES;
				COPY_PHASE_STRIP = NO;
				DEBUG_INFORMATION_FORMAT = dwarf;
				ENABLE_STRICT_OBJC_MSGSEND = YES;
				ENABLE_TESTABILITY = YES;
				GCC_C_LANGUAGE_STANDARD = gnu11;
				GCC_DYNAMIC_NO_PIC = NO;
				GCC_NO_COMMON_BLOCKS = YES;
				GCC_OPTIMIZATION_LEVEL = 0;
				GCC_PREPROCESSOR_DEFINITIONS = (
					"DEBUG=1",
					"$(inherited)",
				);
				GCC_WARN_64_TO_32_BIT_CONVERSION = YES;
				GCC_WARN_ABOUT_RETURN_TYPE = YES_ERROR;
				GCC_WARN_UNDECLARED_SELECTOR = YES;
				GCC_WARN_UNINITIALIZED_AUTOS = YES_AGGRESSIVE;
				GCC_WARN_UNUSED_FUNCTION = YES;
				GCC_WARN_UNUSED_VARIABLE = YES;
				IPHONEOS_DEPLOYMENT_TARGET = 13.4;
				MTL_ENABLE_DEBUG_INFO = INCLUDE_SOURCE;
				MTL_FAST_MATH = YES;
				ONLY_ACTIVE_ARCH = YES;
				SDKROOT = iphoneos;
				SWIFT_ACTIVE_COMPILATION_CONDITIONS = DEBUG;
				SWIFT_OPTIMIZATION_LEVEL = "-Onone";
			};
			name = Debug;
		};
		DEA58F502464F73B0011DBC9 /* Release */ = {
			isa = XCBuildConfiguration;
			buildSettings = {
				ALWAYS_SEARCH_USER_PATHS = NO;
				CLANG_ANALYZER_NONNULL = YES;
				CLANG_ANALYZER_NUMBER_OBJECT_CONVERSION = YES_AGGRESSIVE;
				CLANG_CXX_LANGUAGE_STANDARD = "gnu++14";
				CLANG_CXX_LIBRARY = "libc++";
				CLANG_ENABLE_MODULES = YES;
				CLANG_ENABLE_OBJC_ARC = YES;
				CLANG_ENABLE_OBJC_WEAK = YES;
				CLANG_WARN_BLOCK_CAPTURE_AUTORELEASING = YES;
				CLANG_WARN_BOOL_CONVERSION = YES;
				CLANG_WARN_COMMA = YES;
				CLANG_WARN_CONSTANT_CONVERSION = YES;
				CLANG_WARN_DEPRECATED_OBJC_IMPLEMENTATIONS = YES;
				CLANG_WARN_DIRECT_OBJC_ISA_USAGE = YES_ERROR;
				CLANG_WARN_DOCUMENTATION_COMMENTS = YES;
				CLANG_WARN_EMPTY_BODY = YES;
				CLANG_WARN_ENUM_CONVERSION = YES;
				CLANG_WARN_INFINITE_RECURSION = YES;
				CLANG_WARN_INT_CONVERSION = YES;
				CLANG_WARN_NON_LITERAL_NULL_CONVERSION = YES;
				CLANG_WARN_OBJC_IMPLICIT_RETAIN_SELF = YES;
				CLANG_WARN_OBJC_LITERAL_CONVERSION = YES;
				CLANG_WARN_OBJC_ROOT_CLASS = YES_ERROR;
				CLANG_WARN_RANGE_LOOP_ANALYSIS = YES;
				CLANG_WARN_STRICT_PROTOTYPES = YES;
				CLANG_WARN_SUSPICIOUS_MOVE = YES;
				CLANG_WARN_UNGUARDED_AVAILABILITY = YES_AGGRESSIVE;
				CLANG_WARN_UNREACHABLE_CODE = YES;
				CLANG_WARN__DUPLICATE_METHOD_MATCH = YES;
				COPY_PHASE_STRIP = NO;
				DEBUG_INFORMATION_FORMAT = "dwarf-with-dsym";
				ENABLE_NS_ASSERTIONS = NO;
				ENABLE_STRICT_OBJC_MSGSEND = YES;
				GCC_C_LANGUAGE_STANDARD = gnu11;
				GCC_NO_COMMON_BLOCKS = YES;
				GCC_WARN_64_TO_32_BIT_CONVERSION = YES;
				GCC_WARN_ABOUT_RETURN_TYPE = YES_ERROR;
				GCC_WARN_UNDECLARED_SELECTOR = YES;
				GCC_WARN_UNINITIALIZED_AUTOS = YES_AGGRESSIVE;
				GCC_WARN_UNUSED_FUNCTION = YES;
				GCC_WARN_UNUSED_VARIABLE = YES;
				IPHONEOS_DEPLOYMENT_TARGET = 13.4;
				MTL_ENABLE_DEBUG_INFO = NO;
				MTL_FAST_MATH = YES;
				SDKROOT = iphoneos;
				SWIFT_COMPILATION_MODE = wholemodule;
				SWIFT_OPTIMIZATION_LEVEL = "-O";
				VALIDATE_PRODUCT = YES;
			};
			name = Release;
		};
		DEA58F522464F73B0011DBC9 /* Debug */ = {
			isa = XCBuildConfiguration;
			buildSettings = {
				ASSETCATALOG_COMPILER_APPICON_NAME = AppIcon;
				CODE_SIGN_STYLE = Automatic;
				DEVELOPMENT_TEAM = 7GVY575Z3M;
				INFOPLIST_FILE = "I Am Rich/Info.plist";
				LD_RUNPATH_SEARCH_PATHS = (
					"$(inherited)",
					"@executable_path/Frameworks",
				);
				PRODUCT_BUNDLE_IDENTIFIER = "io.beardata.I-Am-Rich";
				PRODUCT_NAME = "$(TARGET_NAME)";
				SWIFT_VERSION = 5.0;
				TARGETED_DEVICE_FAMILY = "1,2";
			};
			name = Debug;
		};
		DEA58F532464F73B0011DBC9 /* Release */ = {
			isa = XCBuildConfiguration;
			buildSettings = {
				ASSETCATALOG_COMPILER_APPICON_NAME = AppIcon;
				CODE_SIGN_STYLE = Automatic;
				DEVELOPMENT_TEAM = 7GVY575Z3M;
				INFOPLIST_FILE = "I Am Rich/Info.plist";
				LD_RUNPATH_SEARCH_PATHS = (
					"$(inherited)",
					"@executable_path/Frameworks",
				);
				PRODUCT_BUNDLE_IDENTIFIER = "io.beardata.I-Am-Rich";
				PRODUCT_NAME = "$(TARGET_NAME)";
				SWIFT_VERSION = 5.0;
				TARGETED_DEVICE_FAMILY = "1,2";
			};
			name = Release;
		};
		DEA58F552464F73B0011DBC9 /* Debug */ = {
			isa = XCBuildConfiguration;
			buildSettings = {
				ALWAYS_EMBED_SWIFT_STANDARD_LIBRARIES = YES;
				BUNDLE_LOADER = "$(TEST_HOST)";
				CODE_SIGN_STYLE = Automatic;
				DEVELOPMENT_TEAM = 7GVY575Z3M;
				INFOPLIST_FILE = "I Am RichTests/Info.plist";
				IPHONEOS_DEPLOYMENT_TARGET = 13.4;
				LD_RUNPATH_SEARCH_PATHS = (
					"$(inherited)",
					"@executable_path/Frameworks",
					"@loader_path/Frameworks",
				);
				PRODUCT_BUNDLE_IDENTIFIER = "io.beardata.I-Am-RichTests";
				PRODUCT_NAME = "$(TARGET_NAME)";
				SWIFT_VERSION = 5.0;
				TARGETED_DEVICE_FAMILY = "1,2";
				TEST_HOST = "$(BUILT_PRODUCTS_DIR)/I Am Rich.app/I Am Rich";
			};
			name = Debug;
		};
		DEA58F562464F73B0011DBC9 /* Release */ = {
			isa = XCBuildConfiguration;
			buildSettings = {
				ALWAYS_EMBED_SWIFT_STANDARD_LIBRARIES = YES;
				BUNDLE_LOADER = "$(TEST_HOST)";
				CODE_SIGN_STYLE = Automatic;
				DEVELOPMENT_TEAM = 7GVY575Z3M;
				INFOPLIST_FILE = "I Am RichTests/Info.plist";
				IPHONEOS_DEPLOYMENT_TARGET = 13.4;
				LD_RUNPATH_SEARCH_PATHS = (
					"$(inherited)",
					"@executable_path/Frameworks",
					"@loader_path/Frameworks",
				);
				PRODUCT_BUNDLE_IDENTIFIER = "io.beardata.I-Am-RichTests";
				PRODUCT_NAME = "$(TARGET_NAME)";
				SWIFT_VERSION = 5.0;
				TARGETED_DEVICE_FAMILY = "1,2";
				TEST_HOST = "$(BUILT_PRODUCTS_DIR)/I Am Rich.app/I Am Rich";
			};
			name = Release;
		};
		DEA58F582464F73B0011DBC9 /* Debug */ = {
			isa = XCBuildConfiguration;
			buildSettings = {
				ALWAYS_EMBED_SWIFT_STANDARD_LIBRARIES = YES;
				CODE_SIGN_STYLE = Automatic;
				DEVELOPMENT_TEAM = 7GVY575Z3M;
				INFOPLIST_FILE = "I Am RichUITests/Info.plist";
				LD_RUNPATH_SEARCH_PATHS = (
					"$(inherited)",
					"@executable_path/Frameworks",
					"@loader_path/Frameworks",
				);
				PRODUCT_BUNDLE_IDENTIFIER = "io.beardata.I-Am-RichUITests";
				PRODUCT_NAME = "$(TARGET_NAME)";
				SWIFT_VERSION = 5.0;
				TARGETED_DEVICE_FAMILY = "1,2";
				TEST_TARGET_NAME = "I Am Rich";
			};
			name = Debug;
		};
		DEA58F592464F73B0011DBC9 /* Release */ = {
			isa = XCBuildConfiguration;
			buildSettings = {
				ALWAYS_EMBED_SWIFT_STANDARD_LIBRARIES = YES;
				CODE_SIGN_STYLE = Automatic;
				DEVELOPMENT_TEAM = 7GVY575Z3M;
				INFOPLIST_FILE = "I Am RichUITests/Info.plist";
				LD_RUNPATH_SEARCH_PATHS = (
					"$(inherited)",
					"@executable_path/Frameworks",
					"@loader_path/Frameworks",
				);
				PRODUCT_BUNDLE_IDENTIFIER = "io.beardata.I-Am-RichUITests";
				PRODUCT_NAME = "$(TARGET_NAME)";
				SWIFT_VERSION = 5.0;
				TARGETED_DEVICE_FAMILY = "1,2";
				TEST_TARGET_NAME = "I Am Rich";
			};
			name = Release;
		};
/* End XCBuildConfiguration section */

/* Begin XCConfigurationList section */
		DEA58F222464F7370011DBC9 /* Build configuration list for PBXProject "I Am Rich" */ = {
			isa = XCConfigurationList;
			buildConfigurations = (
				DEA58F4F2464F73B0011DBC9 /* Debug */,
				DEA58F502464F73B0011DBC9 /* Release */,
			);
			defaultConfigurationIsVisible = 0;
			defaultConfigurationName = Release;
		};
		DEA58F512464F73B0011DBC9 /* Build configuration list for PBXNativeTarget "I Am Rich" */ = {
			isa = XCConfigurationList;
			buildConfigurations = (
				DEA58F522464F73B0011DBC9 /* Debug */,
				DEA58F532464F73B0011DBC9 /* Release */,
			);
			defaultConfigurationIsVisible = 0;
			defaultConfigurationName = Release;
		};
		DEA58F542464F73B0011DBC9 /* Build configuration list for PBXNativeTarget "I Am RichTests" */ = {
			isa = XCConfigurationList;
			buildConfigurations = (
				DEA58F552464F73B0011DBC9 /* Debug */,
				DEA58F562464F73B0011DBC9 /* Release */,
			);
			defaultConfigurationIsVisible = 0;
			defaultConfigurationName = Release;
		};
		DEA58F572464F73B0011DBC9 /* Build configuration list for PBXNativeTarget "I Am RichUITests" */ = {
			isa = XCConfigurationList;
			buildConfigurations = (
				DEA58F582464F73B0011DBC9 /* Debug */,
				DEA58F592464F73B0011DBC9 /* Release */,
			);
			defaultConfigurationIsVisible = 0;
			defaultConfigurationName = Release;
		};
/* End XCConfigurationList section */
	};
	rootObject = DEA58F1F2464F7370011DBC9 /* Project object */;
}
