// !$*UTF8*$!
{
	archiveVersion = 1;
	classes = {
	};
	objectVersion = 50;
	objects = {

/* Begin PBXBuildFile section */
		DE05ED572435FBCC000D13AA /* AppDelegate.swift in Sources */ = {isa = PBXBuildFile; fileRef = DE05ED562435FBCC000D13AA /* AppDelegate.swift */; };
		DE05ED592435FBCC000D13AA /* SceneDelegate.swift in Sources */ = {isa = PBXBuildFile; fileRef = DE05ED582435FBCC000D13AA /* SceneDelegate.swift */; };
		DE05ED5B2435FBCC000D13AA /* ViewController.swift in Sources */ = {isa = PBXBuildFile; fileRef = DE05ED5A2435FBCC000D13AA /* ViewController.swift */; };
		DE05ED5E2435FBCC000D13AA /* Main.storyboard in Resources */ = {isa = PBXBuildFile; fileRef = DE05ED5C2435FBCC000D13AA /* Main.storyboard */; };
		DE05ED602435FBCD000D13AA /* Assets.xcassets in Resources */ = {isa = PBXBuildFile; fileRef = DE05ED5F2435FBCD000D13AA /* Assets.xcassets */; };
		DE05ED632435FBCD000D13AA /* LaunchScreen.storyboard in Resources */ = {isa = PBXBuildFile; fileRef = DE05ED612435FBCD000D13AA /* LaunchScreen.storyboard */; };
		DE05ED6E2435FBCD000D13AA /* HelloWorldTests.swift in Sources */ = {isa = PBXBuildFile; fileRef = DE05ED6D2435FBCD000D13AA /* HelloWorldTests.swift */; };
		DE05ED792435FBCE000D13AA /* HelloWorldUITests.swift in Sources */ = {isa = PBXBuildFile; fileRef = DE05ED782435FBCE000D13AA /* HelloWorldUITests.swift */; };
/* End PBXBuildFile section */

/* Begin PBXContainerItemProxy section */
		DE05ED6A2435FBCD000D13AA /* PBXContainerItemProxy */ = {
			isa = PBXContainerItemProxy;
			containerPortal = DE05ED4B2435FBCC000D13AA /* Project object */;
			proxyType = 1;
			remoteGlobalIDString = DE05ED522435FBCC000D13AA;
			remoteInfo = HelloWorld;
		};
		DE05ED752435FBCD000D13AA /* PBXContainerItemProxy */ = {
			isa = PBXContainerItemProxy;
			containerPortal = DE05ED4B2435FBCC000D13AA /* Project object */;
			proxyType = 1;
			remoteGlobalIDString = DE05ED522435FBCC000D13AA;
			remoteInfo = HelloWorld;
		};
/* End PBXContainerItemProxy section */

/* Begin PBXFileReference section */
		DE05ED532435FBCC000D13AA /* HelloWorld.app */ = {isa = PBXFileReference; explicitFileType = wrapper.application; includeInIndex = 0; path = HelloWorld.app; sourceTree = BUILT_PRODUCTS_DIR; };
		DE05ED562435FBCC000D13AA /* AppDelegate.swift */ = {isa = PBXFileReference; lastKnownFileType = sourcecode.swift; path = AppDelegate.swift; sourceTree = "<group>"; };
		DE05ED582435FBCC000D13AA /* SceneDelegate.swift */ = {isa = PBXFileReference; lastKnownFileType = sourcecode.swift; path = SceneDelegate.swift; sourceTree = "<group>"; };
		DE05ED5A2435FBCC000D13AA /* ViewController.swift */ = {isa = PBXFileReference; lastKnownFileType = sourcecode.swift; path = ViewController.swift; sourceTree = "<group>"; };
		DE05ED5D2435FBCC000D13AA /* Base */ = {isa = PBXFileReference; lastKnownFileType = file.storyboard; name = Base; path = Base.lproj/Main.storyboard; sourceTree = "<group>"; };
		DE05ED5F2435FBCD000D13AA /* Assets.xcassets */ = {isa = PBXFileReference; lastKnownFileType = folder.assetcatalog; path = Assets.xcassets; sourceTree = "<group>"; };
		DE05ED622435FBCD000D13AA /* Base */ = {isa = PBXFileReference; lastKnownFileType = file.storyboard; name = Base; path = Base.lproj/LaunchScreen.storyboard; sourceTree = "<group>"; };
		DE05ED642435FBCD000D13AA /* Info.plist */ = {isa = PBXFileReference; lastKnownFileType = text.plist.xml; path = Info.plist; sourceTree = "<group>"; };
		DE05ED692435FBCD000D13AA /* HelloWorldTests.xctest */ = {isa = PBXFileReference; explicitFileType = wrapper.cfbundle; includeInIndex = 0; path = HelloWorldTests.xctest; sourceTree = BUILT_PRODUCTS_DIR; };
		DE05ED6D2435FBCD000D13AA /* HelloWorldTests.swift */ = {isa = PBXFileReference; lastKnownFileType = sourcecode.swift; path = HelloWorldTests.swift; sourceTree = "<group>"; };
		DE05ED6F2435FBCD000D13AA /* Info.plist */ = {isa = PBXFileReference; lastKnownFileType = text.plist.xml; path = Info.plist; sourceTree = "<group>"; };
		DE05ED742435FBCD000D13AA /* HelloWorldUITests.xctest */ = {isa = PBXFileReference; explicitFileType = wrapper.cfbundle; includeInIndex = 0; path = HelloWorldUITests.xctest; sourceTree = BUILT_PRODUCTS_DIR; };
		DE05ED782435FBCE000D13AA /* HelloWorldUITests.swift */ = {isa = PBXFileReference; lastKnownFileType = sourcecode.swift; path = HelloWorldUITests.swift; sourceTree = "<group>"; };
		DE05ED7A2435FBCE000D13AA /* Info.plist */ = {isa = PBXFileReference; lastKnownFileType = text.plist.xml; path = Info.plist; sourceTree = "<group>"; };
/* End PBXFileReference section */

/* Begin PBXFrameworksBuildPhase section */
		DE05ED502435FBCC000D13AA /* Frameworks */ = {
			isa = PBXFrameworksBuildPhase;
			buildActionMask = 2147483647;
			files = (
			);
			runOnlyForDeploymentPostprocessing = 0;
		};
		DE05ED662435FBCD000D13AA /* Frameworks */ = {
			isa = PBXFrameworksBuildPhase;
			buildActionMask = 2147483647;
			files = (
			);
			runOnlyForDeploymentPostprocessing = 0;
		};
		DE05ED712435FBCD000D13AA /* Frameworks */ = {
			isa = PBXFrameworksBuildPhase;
			buildActionMask = 2147483647;
			files = (
			);
			runOnlyForDeploymentPostprocessing = 0;
		};
/* End PBXFrameworksBuildPhase section */

/* Begin PBXGroup section */
		DE05ED4A2435FBCC000D13AA = {
			isa = PBXGroup;
			children = (
				DE05ED552435FBCC000D13AA /* HelloWorld */,
				DE05ED6C2435FBCD000D13AA /* HelloWorldTests */,
				DE05ED772435FBCE000D13AA /* HelloWorldUITests */,
				DE05ED542435FBCC000D13AA /* Products */,
			);
			sourceTree = "<group>";
		};
		DE05ED542435FBCC000D13AA /* Products */ = {
			isa = PBXGroup;
			children = (
				DE05ED532435FBCC000D13AA /* HelloWorld.app */,
				DE05ED692435FBCD000D13AA /* HelloWorldTests.xctest */,
				DE05ED742435FBCD000D13AA /* HelloWorldUITests.xctest */,
			);
			name = Products;
			sourceTree = "<group>";
		};
		DE05ED552435FBCC000D13AA /* HelloWorld */ = {
			isa = PBXGroup;
			children = (
				DE05ED562435FBCC000D13AA /* AppDelegate.swift */,
				DE05ED582435FBCC000D13AA /* SceneDelegate.swift */,
				DE05ED5A2435FBCC000D13AA /* ViewController.swift */,
				DE05ED5C2435FBCC000D13AA /* Main.storyboard */,
				DE05ED5F2435FBCD000D13AA /* Assets.xcassets */,
				DE05ED612435FBCD000D13AA /* LaunchScreen.storyboard */,
				DE05ED642435FBCD000D13AA /* Info.plist */,
			);
			path = HelloWorld;
			sourceTree = "<group>";
		};
		DE05ED6C2435FBCD000D13AA /* HelloWorldTests */ = {
			isa = PBXGroup;
			children = (
				DE05ED6D2435FBCD000D13AA /* HelloWorldTests.swift */,
				DE05ED6F2435FBCD000D13AA /* Info.plist */,
			);
			path = HelloWorldTests;
			sourceTree = "<group>";
		};
		DE05ED772435FBCE000D13AA /* HelloWorldUITests */ = {
			isa = PBXGroup;
			children = (
				DE05ED782435FBCE000D13AA /* HelloWorldUITests.swift */,
				DE05ED7A2435FBCE000D13AA /* Info.plist */,
			);
			path = HelloWorldUITests;
			sourceTree = "<group>";
		};
/* End PBXGroup section */

/* Begin PBXNativeTarget section */
		DE05ED522435FBCC000D13AA /* HelloWorld */ = {
			isa = PBXNativeTarget;
			buildConfigurationList = DE05ED7D2435FBCE000D13AA /* Build configuration list for PBXNativeTarget "HelloWorld" */;
			buildPhases = (
				DE05ED4F2435FBCC000D13AA /* Sources */,
				DE05ED502435FBCC000D13AA /* Frameworks */,
				DE05ED512435FBCC000D13AA /* Resources */,
			);
			buildRules = (
			);
			dependencies = (
			);
			name = HelloWorld;
			productName = HelloWorld;
			productReference = DE05ED532435FBCC000D13AA /* HelloWorld.app */;
			productType = "com.apple.product-type.application";
		};
		DE05ED682435FBCD000D13AA /* HelloWorldTests */ = {
			isa = PBXNativeTarget;
			buildConfigurationList = DE05ED802435FBCE000D13AA /* Build configuration list for PBXNativeTarget "HelloWorldTests" */;
			buildPhases = (
				DE05ED652435FBCD000D13AA /* Sources */,
				DE05ED662435FBCD000D13AA /* Frameworks */,
				DE05ED672435FBCD000D13AA /* Resources */,
			);
			buildRules = (
			);
			dependencies = (
				DE05ED6B2435FBCD000D13AA /* PBXTargetDependency */,
			);
			name = HelloWorldTests;
			productName = HelloWorldTests;
			productReference = DE05ED692435FBCD000D13AA /* HelloWorldTests.xctest */;
			productType = "com.apple.product-type.bundle.unit-test";
		};
		DE05ED732435FBCD000D13AA /* HelloWorldUITests */ = {
			isa = PBXNativeTarget;
			buildConfigurationList = DE05ED832435FBCE000D13AA /* Build configuration list for PBXNativeTarget "HelloWorldUITests" */;
			buildPhases = (
				DE05ED702435FBCD000D13AA /* Sources */,
				DE05ED712435FBCD000D13AA /* Frameworks */,
				DE05ED722435FBCD000D13AA /* Resources */,
			);
			buildRules = (
			);
			dependencies = (
				DE05ED762435FBCD000D13AA /* PBXTargetDependency */,
			);
			name = HelloWorldUITests;
			productName = HelloWorldUITests;
			productReference = DE05ED742435FBCD000D13AA /* HelloWorldUITests.xctest */;
			productType = "com.apple.product-type.bundle.ui-testing";
		};
/* End PBXNativeTarget section */

/* Begin PBXProject section */
		DE05ED4B2435FBCC000D13AA /* Project object */ = {
			isa = PBXProject;
			attributes = {
				LastSwiftUpdateCheck = 1140;
				LastUpgradeCheck = 1140;
				ORGANIZATIONNAME = ODDS;
				TargetAttributes = {
					DE05ED522435FBCC000D13AA = {
						CreatedOnToolsVersion = 11.4;
					};
					DE05ED682435FBCD000D13AA = {
						CreatedOnToolsVersion = 11.4;
						TestTargetID = DE05ED522435FBCC000D13AA;
					};
					DE05ED732435FBCD000D13AA = {
						CreatedOnToolsVersion = 11.4;
						TestTargetID = DE05ED522435FBCC000D13AA;
					};
				};
			};
			buildConfigurationList = DE05ED4E2435FBCC000D13AA /* Build configuration list for PBXProject "HelloWorld" */;
			compatibilityVersion = "Xcode 9.3";
			developmentRegion = en;
			hasScannedForEncodings = 0;
			knownRegions = (
				en,
				Base,
			);
			mainGroup = DE05ED4A2435FBCC000D13AA;
			productRefGroup = DE05ED542435FBCC000D13AA /* Products */;
			projectDirPath = "";
			projectRoot = "";
			targets = (
				DE05ED522435FBCC000D13AA /* HelloWorld */,
				DE05ED682435FBCD000D13AA /* HelloWorldTests */,
				DE05ED732435FBCD000D13AA /* HelloWorldUITests */,
			);
		};
/* End PBXProject section */

/* Begin PBXResourcesBuildPhase section */
		DE05ED512435FBCC000D13AA /* Resources */ = {
			isa = PBXResourcesBuildPhase;
			buildActionMask = 2147483647;
			files = (
				DE05ED632435FBCD000D13AA /* LaunchScreen.storyboard in Resources */,
				DE05ED602435FBCD000D13AA /* Assets.xcassets in Resources */,
				DE05ED5E2435FBCC000D13AA /* Main.storyboard in Resources */,
			);
			runOnlyForDeploymentPostprocessing = 0;
		};
		DE05ED672435FBCD000D13AA /* Resources */ = {
			isa = PBXResourcesBuildPhase;
			buildActionMask = 2147483647;
			files = (
			);
			runOnlyForDeploymentPostprocessing = 0;
		};
		DE05ED722435FBCD000D13AA /* Resources */ = {
			isa = PBXResourcesBuildPhase;
			buildActionMask = 2147483647;
			files = (
			);
			runOnlyForDeploymentPostprocessing = 0;
		};
/* End PBXResourcesBuildPhase section */

/* Begin PBXSourcesBuildPhase section */
		DE05ED4F2435FBCC000D13AA /* Sources */ = {
			isa = PBXSourcesBuildPhase;
			buildActionMask = 2147483647;
			files = (
				DE05ED5B2435FBCC000D13AA /* ViewController.swift in Sources */,
				DE05ED572435FBCC000D13AA /* AppDelegate.swift in Sources */,
				DE05ED592435FBCC000D13AA /* SceneDelegate.swift in Sources */,
			);
			runOnlyForDeploymentPostprocessing = 0;
		};
		DE05ED652435FBCD000D13AA /* Sources */ = {
			isa = PBXSourcesBuildPhase;
			buildActionMask = 2147483647;
			files = (
				DE05ED6E2435FBCD000D13AA /* HelloWorldTests.swift in Sources */,
			);
			runOnlyForDeploymentPostprocessing = 0;
		};
		DE05ED702435FBCD000D13AA /* Sources */ = {
			isa = PBXSourcesBuildPhase;
			buildActionMask = 2147483647;
			files = (
				DE05ED792435FBCE000D13AA /* HelloWorldUITests.swift in Sources */,
			);
			runOnlyForDeploymentPostprocessing = 0;
		};
/* End PBXSourcesBuildPhase section */

/* Begin PBXTargetDependency section */
		DE05ED6B2435FBCD000D13AA /* PBXTargetDependency */ = {
			isa = PBXTargetDependency;
			target = DE05ED522435FBCC000D13AA /* HelloWorld */;
			targetProxy = DE05ED6A2435FBCD000D13AA /* PBXContainerItemProxy */;
		};
		DE05ED762435FBCD000D13AA /* PBXTargetDependency */ = {
			isa = PBXTargetDependency;
			target = DE05ED522435FBCC000D13AA /* HelloWorld */;
			targetProxy = DE05ED752435FBCD000D13AA /* PBXContainerItemProxy */;
		};
/* End PBXTargetDependency section */

/* Begin PBXVariantGroup section */
		DE05ED5C2435FBCC000D13AA /* Main.storyboard */ = {
			isa = PBXVariantGroup;
			children = (
				DE05ED5D2435FBCC000D13AA /* Base */,
			);
			name = Main.storyboard;
			sourceTree = "<group>";
		};
		DE05ED612435FBCD000D13AA /* LaunchScreen.storyboard */ = {
			isa = PBXVariantGroup;
			children = (
				DE05ED622435FBCD000D13AA /* Base */,
			);
			name = LaunchScreen.storyboard;
			sourceTree = "<group>";
		};
/* End PBXVariantGroup section */

/* Begin XCBuildConfiguration section */
		DE05ED7B2435FBCE000D13AA /* Debug */ = {
			isa = XCBuildConfiguration;
			buildSettings = {
				ALWAYS_SEARCH_USER_PATHS = NO;
				CLANG_ANALYZER_NONNULL = YES;
				CLANG_ANALYZER_NUMBER_OBJECT_CONVERSION = YES_AGGRESSIVE;
				CLANG_CXX_LANGUAGE_STANDARD = "gnu++14";
				CLANG_CXX_LIBRARY = "libc++";
				CLANG_ENABLE_MODULES = YES;
				CLANG_ENABLE_OBJC_ARC = YES;
				CLANG_ENABLE_OBJC_WEAK = YES;
				CLANG_WARN_BLOCK_CAPTURE_AUTORELEASING = YES;
				CLANG_WARN_BOOL_CONVERSION = YES;
				CLANG_WARN_COMMA = YES;
				CLANG_WARN_CONSTANT_CONVERSION = YES;
				CLANG_WARN_DEPRECATED_OBJC_IMPLEMENTATIONS = YES;
				CLANG_WARN_DIRECT_OBJC_ISA_USAGE = YES_ERROR;
				CLANG_WARN_DOCUMENTATION_COMMENTS = YES;
				CLANG_WARN_EMPTY_BODY = YES;
				CLANG_WARN_ENUM_CONVERSION = YES;
				CLANG_WARN_INFINITE_RECURSION = YES;
				CLANG_WARN_INT_CONVERSION = YES;
				CLANG_WARN_NON_LITERAL_NULL_CONVERSION = YES;
				CLANG_WARN_OBJC_IMPLICIT_RETAIN_SELF = YES;
				CLANG_WARN_OBJC_LITERAL_CONVERSION = YES;
				CLANG_WARN_OBJC_ROOT_CLASS = YES_ERROR;
				CLANG_WARN_RANGE_LOOP_ANALYSIS = YES;
				CLANG_WARN_STRICT_PROTOTYPES = YES;
				CLANG_WARN_SUSPICIOUS_MOVE = YES;
				CLANG_WARN_UNGUARDED_AVAILABILITY = YES_AGGRESSIVE;
				CLANG_WARN_UNREACHABLE_CODE = YES;
				CLANG_WARN__DUPLICATE_METHOD_MATCH = YES;
				COPY_PHASE_STRIP = NO;
				DEBUG_INFORMATION_FORMAT = dwarf;
				ENABLE_STRICT_OBJC_MSGSEND = YES;
				ENABLE_TESTABILITY = YES;
				GCC_C_LANGUAGE_STANDARD = gnu11;
				GCC_DYNAMIC_NO_PIC = NO;
				GCC_NO_COMMON_BLOCKS = YES;
				GCC_OPTIMIZATION_LEVEL = 0;
				GCC_PREPROCESSOR_DEFINITIONS = (
					"DEBUG=1",
					"$(inherited)",
				);
				GCC_WARN_64_TO_32_BIT_CONVERSION = YES;
				GCC_WARN_ABOUT_RETURN_TYPE = YES_ERROR;
				GCC_WARN_UNDECLARED_SELECTOR = YES;
				GCC_WARN_UNINITIALIZED_AUTOS = YES_AGGRESSIVE;
				GCC_WARN_UNUSED_FUNCTION = YES;
				GCC_WARN_UNUSED_VARIABLE = YES;
				IPHONEOS_DEPLOYMENT_TARGET = 13.4;
				MTL_ENABLE_DEBUG_INFO = INCLUDE_SOURCE;
				MTL_FAST_MATH = YES;
				ONLY_ACTIVE_ARCH = YES;
				SDKROOT = iphoneos;
				SWIFT_ACTIVE_COMPILATION_CONDITIONS = DEBUG;
				SWIFT_OPTIMIZATION_LEVEL = "-Onone";
			};
			name = Debug;
		};
		DE05ED7C2435FBCE000D13AA /* Release */ = {
			isa = XCBuildConfiguration;
			buildSettings = {
				ALWAYS_SEARCH_USER_PATHS = NO;
				CLANG_ANALYZER_NONNULL = YES;
				CLANG_ANALYZER_NUMBER_OBJECT_CONVERSION = YES_AGGRESSIVE;
				CLANG_CXX_LANGUAGE_STANDARD = "gnu++14";
				CLANG_CXX_LIBRARY = "libc++";
				CLANG_ENABLE_MODULES = YES;
				CLANG_ENABLE_OBJC_ARC = YES;
				CLANG_ENABLE_OBJC_WEAK = YES;
				CLANG_WARN_BLOCK_CAPTURE_AUTORELEASING = YES;
				CLANG_WARN_BOOL_CONVERSION = YES;
				CLANG_WARN_COMMA = YES;
				CLANG_WARN_CONSTANT_CONVERSION = YES;
				CLANG_WARN_DEPRECATED_OBJC_IMPLEMENTATIONS = YES;
				CLANG_WARN_DIRECT_OBJC_ISA_USAGE = YES_ERROR;
				CLANG_WARN_DOCUMENTATION_COMMENTS = YES;
				CLANG_WARN_EMPTY_BODY = YES;
				CLANG_WARN_ENUM_CONVERSION = YES;
				CLANG_WARN_INFINITE_RECURSION = YES;
				CLANG_WARN_INT_CONVERSION = YES;
				CLANG_WARN_NON_LITERAL_NULL_CONVERSION = YES;
				CLANG_WARN_OBJC_IMPLICIT_RETAIN_SELF = YES;
				CLANG_WARN_OBJC_LITERAL_CONVERSION = YES;
				CLANG_WARN_OBJC_ROOT_CLASS = YES_ERROR;
				CLANG_WARN_RANGE_LOOP_ANALYSIS = YES;
				CLANG_WARN_STRICT_PROTOTYPES = YES;
				CLANG_WARN_SUSPICIOUS_MOVE = YES;
				CLANG_WARN_UNGUARDED_AVAILABILITY = YES_AGGRESSIVE;
				CLANG_WARN_UNREACHABLE_CODE = YES;
				CLANG_WARN__DUPLICATE_METHOD_MATCH = YES;
				COPY_PHASE_STRIP = NO;
				DEBUG_INFORMATION_FORMAT = "dwarf-with-dsym";
				ENABLE_NS_ASSERTIONS = NO;
				ENABLE_STRICT_OBJC_MSGSEND = YES;
				GCC_C_LANGUAGE_STANDARD = gnu11;
				GCC_NO_COMMON_BLOCKS = YES;
				GCC_WARN_64_TO_32_BIT_CONVERSION = YES;
				GCC_WARN_ABOUT_RETURN_TYPE = YES_ERROR;
				GCC_WARN_UNDECLARED_SELECTOR = YES;
				GCC_WARN_UNINITIALIZED_AUTOS = YES_AGGRESSIVE;
				GCC_WARN_UNUSED_FUNCTION = YES;
				GCC_WARN_UNUSED_VARIABLE = YES;
				IPHONEOS_DEPLOYMENT_TARGET = 13.4;
				MTL_ENABLE_DEBUG_INFO = NO;
				MTL_FAST_MATH = YES;
				SDKROOT = iphoneos;
				SWIFT_COMPILATION_MODE = wholemodule;
				SWIFT_OPTIMIZATION_LEVEL = "-O";
				VALIDATE_PRODUCT = YES;
			};
			name = Release;
		};
		DE05ED7E2435FBCE000D13AA /* Debug */ = {
			isa = XCBuildConfiguration;
			buildSettings = {
				ASSETCATALOG_COMPILER_APPICON_NAME = AppIcon;
				CODE_SIGN_STYLE = Automatic;
				DEVELOPMENT_TEAM = 7GVY575Z3M;
				INFOPLIST_FILE = HelloWorld/Info.plist;
				LD_RUNPATH_SEARCH_PATHS = (
					"$(inherited)",
					"@executable_path/Frameworks",
				);
				PRODUCT_BUNDLE_IDENTIFIER = team.odds.HelloWorld;
				PRODUCT_NAME = "$(TARGET_NAME)";
				SWIFT_VERSION = 5.0;
				TARGETED_DEVICE_FAMILY = "1,2";
			};
			name = Debug;
		};
		DE05ED7F2435FBCE000D13AA /* Release */ = {
			isa = XCBuildConfiguration;
			buildSettings = {
				ASSETCATALOG_COMPILER_APPICON_NAME = AppIcon;
				CODE_SIGN_STYLE = Automatic;
				DEVELOPMENT_TEAM = 7GVY575Z3M;
				INFOPLIST_FILE = HelloWorld/Info.plist;
				LD_RUNPATH_SEARCH_PATHS = (
					"$(inherited)",
					"@executable_path/Frameworks",
				);
				PRODUCT_BUNDLE_IDENTIFIER = team.odds.HelloWorld;
				PRODUCT_NAME = "$(TARGET_NAME)";
				SWIFT_VERSION = 5.0;
				TARGETED_DEVICE_FAMILY = "1,2";
			};
			name = Release;
		};
		DE05ED812435FBCE000D13AA /* Debug */ = {
			isa = XCBuildConfiguration;
			buildSettings = {
				ALWAYS_EMBED_SWIFT_STANDARD_LIBRARIES = YES;
				BUNDLE_LOADER = "$(TEST_HOST)";
				CODE_SIGN_STYLE = Automatic;
				DEVELOPMENT_TEAM = 7GVY575Z3M;
				INFOPLIST_FILE = HelloWorldTests/Info.plist;
				IPHONEOS_DEPLOYMENT_TARGET = 13.4;
				LD_RUNPATH_SEARCH_PATHS = (
					"$(inherited)",
					"@executable_path/Frameworks",
					"@loader_path/Frameworks",
				);
				PRODUCT_BUNDLE_IDENTIFIER = team.odds.HelloWorldTests;
				PRODUCT_NAME = "$(TARGET_NAME)";
				SWIFT_VERSION = 5.0;
				TARGETED_DEVICE_FAMILY = "1,2";
				TEST_HOST = "$(BUILT_PRODUCTS_DIR)/HelloWorld.app/HelloWorld";
			};
			name = Debug;
		};
		DE05ED822435FBCE000D13AA /* Release */ = {
			isa = XCBuildConfiguration;
			buildSettings = {
				ALWAYS_EMBED_SWIFT_STANDARD_LIBRARIES = YES;
				BUNDLE_LOADER = "$(TEST_HOST)";
				CODE_SIGN_STYLE = Automatic;
				DEVELOPMENT_TEAM = 7GVY575Z3M;
				INFOPLIST_FILE = HelloWorldTests/Info.plist;
				IPHONEOS_DEPLOYMENT_TARGET = 13.4;
				LD_RUNPATH_SEARCH_PATHS = (
					"$(inherited)",
					"@executable_path/Frameworks",
					"@loader_path/Frameworks",
				);
				PRODUCT_BUNDLE_IDENTIFIER = team.odds.HelloWorldTests;
				PRODUCT_NAME = "$(TARGET_NAME)";
				SWIFT_VERSION = 5.0;
				TARGETED_DEVICE_FAMILY = "1,2";
				TEST_HOST = "$(BUILT_PRODUCTS_DIR)/HelloWorld.app/HelloWorld";
			};
			name = Release;
		};
		DE05ED842435FBCE000D13AA /* Debug */ = {
			isa = XCBuildConfiguration;
			buildSettings = {
				ALWAYS_EMBED_SWIFT_STANDARD_LIBRARIES = YES;
				CODE_SIGN_STYLE = Automatic;
				DEVELOPMENT_TEAM = 7GVY575Z3M;
				INFOPLIST_FILE = HelloWorldUITests/Info.plist;
				LD_RUNPATH_SEARCH_PATHS = (
					"$(inherited)",
					"@executable_path/Frameworks",
					"@loader_path/Frameworks",
				);
				PRODUCT_BUNDLE_IDENTIFIER = team.odds.HelloWorldUITests;
				PRODUCT_NAME = "$(TARGET_NAME)";
				SWIFT_VERSION = 5.0;
				TARGETED_DEVICE_FAMILY = "1,2";
				TEST_TARGET_NAME = HelloWorld;
			};
			name = Debug;
		};
		DE05ED852435FBCE000D13AA /* Release */ = {
			isa = XCBuildConfiguration;
			buildSettings = {
				ALWAYS_EMBED_SWIFT_STANDARD_LIBRARIES = YES;
				CODE_SIGN_STYLE = Automatic;
				DEVELOPMENT_TEAM = 7GVY575Z3M;
				INFOPLIST_FILE = HelloWorldUITests/Info.plist;
				LD_RUNPATH_SEARCH_PATHS = (
					"$(inherited)",
					"@executable_path/Frameworks",
					"@loader_path/Frameworks",
				);
				PRODUCT_BUNDLE_IDENTIFIER = team.odds.HelloWorldUITests;
				PRODUCT_NAME = "$(TARGET_NAME)";
				SWIFT_VERSION = 5.0;
				TARGETED_DEVICE_FAMILY = "1,2";
				TEST_TARGET_NAME = HelloWorld;
			};
			name = Release;
		};
/* End XCBuildConfiguration section */

/* Begin XCConfigurationList section */
		DE05ED4E2435FBCC000D13AA /* Build configuration list for PBXProject "HelloWorld" */ = {
			isa = XCConfigurationList;
			buildConfigurations = (
				DE05ED7B2435FBCE000D13AA /* Debug */,
				DE05ED7C2435FBCE000D13AA /* Release */,
			);
			defaultConfigurationIsVisible = 0;
			defaultConfigurationName = Release;
		};
		DE05ED7D2435FBCE000D13AA /* Build configuration list for PBXNativeTarget "HelloWorld" */ = {
			isa = XCConfigurationList;
			buildConfigurations = (
				DE05ED7E2435FBCE000D13AA /* Debug */,
				DE05ED7F2435FBCE000D13AA /* Release */,
			);
			defaultConfigurationIsVisible = 0;
			defaultConfigurationName = Release;
		};
		DE05ED802435FBCE000D13AA /* Build configuration list for PBXNativeTarget "HelloWorldTests" */ = {
			isa = XCConfigurationList;
			buildConfigurations = (
				DE05ED812435FBCE000D13AA /* Debug */,
				DE05ED822435FBCE000D13AA /* Release */,
			);
			defaultConfigurationIsVisible = 0;
			defaultConfigurationName = Release;
		};
		DE05ED832435FBCE000D13AA /* Build configuration list for PBXNativeTarget "HelloWorldUITests" */ = {
			isa = XCConfigurationList;
			buildConfigurations = (
				DE05ED842435FBCE000D13AA /* Debug */,
				DE05ED852435FBCE000D13AA /* Release */,
			);
			defaultConfigurationIsVisible = 0;
			defaultConfigurationName = Release;
		};
/* End XCConfigurationList section */
	};
	rootObject = DE05ED4B2435FBCC000D13AA /* Project object */;
}
